{
  "originHash" : "bbd21735ca8cbeffd559ce07f78f7bbc85c96032bd24f41cb7fc2b91d8343b12",
  "pins" : [
    {
      "identity" : "mlx-swift",
      "kind" : "remoteSourceControl",
      "location" : "https://github.com/ml-explore/mlx-swift",
      "state" : {
        "revision" : "0bb916c67f4b9e5c682cbe02a42c701c93ab5021",
        "version" : "0.31.6"
      }
    },
    {
      "identity" : "swift-argument-parser",
      "kind" : "remoteSourceControl",
      "location" : "https://github.com/apple/swift-argument-parser",
      "state" : {
        "revision" : "6a52f3251125d74daf04fcbd5e6f08a75d074382",
        "version" : "1.8.2"
      }
    },
    {
      "identity" : "swift-numerics",
      "kind" : "remoteSourceControl",
      "location" : "https://github.com/apple/swift-numerics",
      "state" : {
        "revision" : "0c0290ff6b24942dadb83a929ffaaa1481df04a2",
        "version" : "1.1.1"
      }
    },
    {
      "identity" : "swift-ros2",
      "kind" : "remoteSourceControl",
      "location" : "https://github.com/youtalk/swift-ros2",
      "state" : {
        "revision" : "ed83b55278c9a7c66ae934f266f5ec84284c57a7",
        "version" : "1.3.0"
      }
    }
  ],
  "version" : 3
}
